---
lockfileVersion: '9.0'

importers:

  .:
    configDependencies: {}
    packageManagerDependencies:
      pnpm:
        specifier: 12.4.1
        version: 12.4.1

packages:

  '@pnpm/exe.android-arm64@12.4.1':
    resolution: {integrity: sha512-/HwsqXMSmlOfgtV9+O0ratzjV6Vd/8n1hh4rGHpCGmDURvt52MwZxdbhyxP4K03ZfvgSDvotFPr8O+RzE5Eu8A==}
    cpu: [arm64]
    os: [android]

  '@pnpm/exe.android-x64@12.4.1':
    resolution: {integrity: sha512-+l74Qb4c2YjOzNKHXJLg+1wr8xHM1ckkUhnU5KRUK9TJqiiczt6yeTZqqzHIlJ8i6pAoj5V0OJevDRwnQKLgrQ==}
    cpu: [x64]
    os: [android]

  '@pnpm/exe.darwin-arm64@12.4.1':
    resolution: {integrity: sha512-6rkZkT3iGfaxknUdGHraqSWFvTa6N0ajAHluv9Ax0GRWs0sIcGNiFhDopv6xSZCsJZmG483aNS/b6UEDy3blfw==}
    cpu: [arm64]
    os: [darwin]

  '@pnpm/exe.darwin-x64@12.4.1':
    resolution: {integrity: sha512-Vb1CHlR88HghC1qUxjxjs82zQSXnXacPD+btG2CmG8Q/hBU7Q0/b2YWJKSQqZXicunV5khFtfTlAwJddV9RkYA==}
    cpu: [x64]
    os: [darwin]

  '@pnpm/exe.freebsd-x64@12.4.1':
    resolution: {integrity: sha512-iT3iHz3Nl0Sxxj7UPOtZ/aQ81AFsQhjoeWMAlPkSRO04gsgDGAXv3UYxOFaesMWsfNxaGn0A+CITbuCHFF66FA==}
    cpu: [x64]
    os: [freebsd]

  '@pnpm/exe.linux-arm64-musl@12.4.1':
    resolution: {integrity: sha512-aBooZfNXM5f+OGUgCAMFWpE/kAhsWfvmqIyMtHy6zl3aNxyInWrcY/Saln/UElzo7lZWMC0Yktroxd/2J26lNQ==}
    cpu: [arm64]
    os: [linux]
    libc: [musl]

  '@pnpm/exe.linux-arm64@12.4.1':
    resolution: {integrity: sha512-TlOdacTTP09BgcMvwWBFRsu8VAjfwqwnslBj+XSq1JFM3ck4f3k+1O/747EuctxZxs3/o785b6Q3s7Pd92Ptsg==}
    cpu: [arm64]
    os: [linux]
    libc: [glibc]

  '@pnpm/exe.linux-ppc64@12.4.1':
    resolution: {integrity: sha512-r/ab/MlIBo75oizUP5ITiziCCrnXz4SJwfErLQ+603AshB+Yq7xTMCoMtzTSCAMu6aaymIKkAFtZvd2J75Wq0w==}
    cpu: [ppc64]
    os: [linux]
    libc: [glibc]

  '@pnpm/exe.linux-riscv64@12.4.1':
    resolution: {integrity: sha512-C/D1QWdKMiB8+wv/spl1rGITFUuqC+aI/fb6h8NB5sqxsOaGXeYc/g891oCuzggHn6SODk9p+I09hI76x/cMNw==}
    cpu: [riscv64]
    os: [linux]
    libc: [glibc]

  '@pnpm/exe.linux-s390x@12.4.1':
    resolution: {integrity: sha512-nxz5zD4yXt94uzbStDk0QTPKW+aE92hH1b5tFXK9ctB1HE9Xcq1vjTiA2LsZMFC6p4gdu5OwQeFqYNAVGa6QlA==}
    cpu: [s390x]
    os: [linux]
    libc: [glibc]

  '@pnpm/exe.linux-x64-musl@12.4.1':
    resolution: {integrity: sha512-5AwgFdGhVUg2kIweYGfxzSLEHiIG77PQhZAkXC3TwofQHsu1Wr+TrV5/rNX2PopFnHRzuE581zoB8F6Wle32yg==}
    cpu: [x64]
    os: [linux]
    libc: [musl]

  '@pnpm/exe.linux-x64@12.4.1':
    resolution: {integrity: sha512-FJOZuuuQMhp0oLzBtcKkLXknBI92hfkmSnlKc47vfin4HrmfID5khY2lGekL9tCzk1cpR+HShEw/meFl+nHtzQ==}
    cpu: [x64]
    os: [linux]
    libc: [glibc]

  '@pnpm/exe.win32-arm64@12.4.1':
    resolution: {integrity: sha512-OO7eKBL9S+xk5hRy+JUUZSNJknGuGe3GEUffsrlC2LbqKF02g+VX1anGIzSbJDvkkdnpJhSlxF5AUz2JzJu2Jw==}
    cpu: [arm64]
    os: [win32]

  '@pnpm/exe.win32-x64@12.4.1':
    resolution: {integrity: sha512-x7gJHZgHo6hp354xCYA2NvoFzYJkHwovt2kVsUBK5EmXULLcP51JGMq09CX+5FRFJUZFKoXjLu3mZWmfP7o6PQ==}
    cpu: [x64]
    os: [win32]

  pnpm@12.4.1:
    resolution: {integrity: sha512-LoHjmdc/6DkNqyXgaqeIq3pZCCSNL1o3D4K0gRR6ano2e/gEj5pv22Rg8hpm8FQt7bi5TKLIcjWWdBkgsWVtTA==}
    engines: {node: '>=18.*'}
    hasBin: true

snapshots:

  '@pnpm/exe.android-arm64@12.4.1':
    optional: true

  '@pnpm/exe.android-x64@12.4.1':
    optional: true

  '@pnpm/exe.darwin-arm64@12.4.1':
    optional: true

  '@pnpm/exe.darwin-x64@12.4.1':
    optional: true

  '@pnpm/exe.freebsd-x64@12.4.1':
    optional: true

  '@pnpm/exe.linux-arm64-musl@12.4.1':
    optional: true

  '@pnpm/exe.linux-arm64@12.4.1':
    optional: true

  '@pnpm/exe.linux-ppc64@12.4.1':
    optional: true

  '@pnpm/exe.linux-riscv64@12.4.1':
    optional: true

  '@pnpm/exe.linux-s390x@12.4.1':
    optional: true

  '@pnpm/exe.linux-x64-musl@12.4.1':
    optional: true

  '@pnpm/exe.linux-x64@12.4.1':
    optional: true

  '@pnpm/exe.win32-arm64@12.4.1':
    optional: true

  '@pnpm/exe.win32-x64@12.4.1':
    optional: true

  pnpm@12.4.1:
    optionalDependencies:
      '@pnpm/exe.android-arm64': 12.4.1
      '@pnpm/exe.android-x64': 12.4.1
      '@pnpm/exe.darwin-arm64': 12.4.1
      '@pnpm/exe.darwin-x64': 12.4.1
      '@pnpm/exe.freebsd-x64': 12.4.1
      '@pnpm/exe.linux-arm64': 12.4.1
      '@pnpm/exe.linux-arm64-musl': 12.4.1
      '@pnpm/exe.linux-ppc64': 12.4.1
      '@pnpm/exe.linux-riscv64': 12.4.1
      '@pnpm/exe.linux-s390x': 12.4.1
      '@pnpm/exe.linux-x64': 12.4.1
      '@pnpm/exe.linux-x64-musl': 12.4.1
      '@pnpm/exe.win32-arm64': 12.4.1
      '@pnpm/exe.win32-x64': 12.4.1

---
lockfileVersion: '9.0'

settings:
  autoInstallPeers: true
  excludeLinksFromLockfile: false

importers:

  .:
    dependencies:
      '@ghostery/adblocker':
        specifier: ^2.18.2
        version: 2.18.2
      '@ghostery/trackerdb':
        specifier: ^1.0.945
        version: 1.0.945
      '@napi-rs/keyring':
        specifier: ^2.0.0
        version: 2.0.0
      playwright-core:
        specifier: ^1.63.0
        version: 1.63.0
      tldts:
        specifier: ^7.4.12
        version: 7.4.12
    devDependencies:
      '@biomejs/biome':
        specifier: 2.5.13
        version: 2.5.13

packages:

  '@biomejs/biome@2.5.13':
    resolution: {integrity: sha512-+SEC/mFk1a+5mvUANZgbZTaiZXs1nj4iMhL/PHiqDT5TPUEPFIlliEtkKKZB4N862yylHC3UI+/Sj2I0HJEqhA==}
    engines: {node: '>=14.21.3'}
    hasBin: true

  '@biomejs/cli-darwin-arm64@2.5.13':
    resolution: {integrity: sha512-nYSuDJ6zgVqZUkAkJkvhXxsF2PYIrUk/g638K4voCXz7foI9f7b6C2/7+oAihsHQlivZNMUrm/y8ywlcHQtZOw==}
    engines: {node: '>=14.21.3'}
    cpu: [arm64]
    os: [darwin]

  '@biomejs/cli-darwin-x64@2.5.13':
    resolution: {integrity: sha512-KVy1ceEDuJ3AzFxjT9kkxbVy+UANw1pjEMUS6lvKfxjJ+fmkRvc7sQn1Xo6ETgseEI7wUQoV03KSga3XfE8YRQ==}
    engines: {node: '>=14.21.3'}
    cpu: [x64]
    os: [darwin]

  '@biomejs/cli-linux-arm64-musl@2.5.13':
    resolution: {integrity: sha512-CH32xpep3dNS5EVJpAHlYchkBYznxyVZQrx0b6YYYlPL9u9ZeD2NtqiK/6s64+HFS2a7hGnryLlqqZAOh8ax5g==}
    engines: {node: '>=14.21.3'}
    cpu: [arm64]
    os: [linux]
    libc: [musl]

  '@biomejs/cli-linux-arm64@2.5.13':
    resolution: {integrity: sha512-VlNMtoxOqs0dUR6drxxHr18SNUvI7xxAuHZlH4s/dstYSf3g6RaqVgo8JRnhcOhKz9afWrvtJTboNG1JuYlIDQ==}
    engines: {node: '>=14.21.3'}
    cpu: [arm64]
    os: [linux]
    libc: [glibc]

  '@biomejs/cli-linux-x64-musl@2.5.13':
    resolution: {integrity: sha512-F3pmwl+VHoUuVJN/tbNLKeLt0SVK3EIyN1jXlMcNyQGYRQQTVqXF+GgkP0/CjGXFN87e/mv0sBfUnWqWza5PKQ==}
    engines: {node: '>=14.21.3'}
    cpu: [x64]
    os: [linux]
    libc: [musl]

  '@biomejs/cli-linux-x64@2.5.13':
    resolution: {integrity: sha512-Fi6gIxbUaJ3ZCIXeG3ggIBPF76O2DjDN67WrPX/ODRv54GeXPm2gbEPC96Yb0yrJoiH0Eax1JLx1Pi0XbsNFZQ==}
    engines: {node: '>=14.21.3'}
    cpu: [x64]
    os: [linux]
    libc: [glibc]

  '@biomejs/cli-win32-arm64@2.5.13':
    resolution: {integrity: sha512-+WD13qshXrr0Icv4BfsAdzm8Fs3TL+nZ59zEQxsYNd8lcgZJ0A5+OrlwsL1PipVCmWeRpxgIPD6DAcEd7smkCQ==}
    engines: {node: '>=14.21.3'}
    cpu: [arm64]
    os: [win32]

  '@biomejs/cli-win32-x64@2.5.13':
    resolution: {integrity: sha512-VOofU/nW761XWzUeUNE8zzYNyPrxuMuNFMizL0qz7J75yeV8N7WFheUlk1/K6dOkaFpH9wJ+lDKlwjAbw0346w==}
    engines: {node: '>=14.21.3'}
    cpu: [x64]
    os: [win32]

  '@ghostery/adblocker-content@2.18.2':
    resolution: {integrity: sha512-TOe/b4KOBFEc9OjLG+wvgamGcSTIPSDBAL5YSa8lzjBsoSl8IDnfOjeJDldlLacsC/JEUMLkZIDDNknEolJVqg==}

  '@ghostery/adblocker-extended-selectors@2.18.2':
    resolution: {integrity: sha512-doKNShBk3+czQL08UkrysHkCPeG/kNPlXvz3DH7SXxD9Y78ovWkEAhjeR+upoan3fomJJuK3dD+IrlofnjckYw==}

  '@ghostery/adblocker@2.17.3':
    resolution: {integrity: sha512-E2jcCtlkdJFm0gUH1GL+99CgAGudlOpMfpWJqKUL9lfPFbEuw//xypbyLUdTJcz31eBJaHq1ql163dIJ00/m1A==}

  '@ghostery/adblocker@2.18.2':
    resolution: {integrity: sha512-x6zEkf1dHSN0t4ExLmuN6nIgH0oAi6laoKe5yGsiIB4jkEvutea1PJgxgRUIjWfNbDRmkf4GjUtuqQFZgvQG1w==}

  '@ghostery/trackerdb@1.0.945':
    resolution: {integrity: sha512-vxB/d4UJJsUNS1ja4KXdqStL7UbzoL0JotdTCWv2nrXMz+RFj1f3dF4ziuCKOxYD5tsLoix+hkvFQiqCn+7nyw==}
    engines: {node: '>=20.0'}
    hasBin: true

  '@ghostery/url-parser@1.3.1':
    resolution: {integrity: sha512-QKqGi+7aDQ4RcyHyCwgEk6B9vWnsBP4Q7htaN0zPJV3ATqTKEQDtSTb9c/AN586oJUDs24YXKcwFYwNweY/YjQ==}

  '@napi-rs/keyring-darwin-arm64@2.0.0':
    resolution: {integrity: sha512-yvIfviiXpsDSsPdyzWWd7STZt7v774biPfMBpWkiK7rwauwWbOmVjUzgiJ11rbhJbWLqXE3CuQMyLgvcbm3jIA==}
    engines: {node: '>= 10'}
    cpu: [arm64]
    os: [darwin]

  '@napi-rs/keyring-darwin-x64@2.0.0':
    resolution: {integrity: sha512-XJUONH0c5cg7M9/1Vj3WeIi8TtWYdZlo8Jqho09ga8OWm9cFNxUv7+4QZx5UK/3JSp2qiyhTlresyKdcpwpnRw==}
    engines: {node: '>= 10'}
    cpu: [x64]
    os: [darwin]

  '@napi-rs/keyring-freebsd-x64@2.0.0':
    resolution: {integrity: sha512-u/M114J9Lp3RqtIZihIqhvreNQ5f8wgLFo9tJFy+bIIO/xEHkMR0LENrfUF8hSY6FTNyS2kSbbkN6yOItBFY5g==}
    engines: {node: '>= 10'}
    cpu: [x64]
    os: [freebsd]

  '@napi-rs/keyring-linux-arm-gnueabihf@2.0.0':
    resolution: {integrity: sha512-CHMv/KTuELo/MsrGUha52KrFGPBuBkeAonnMFUd3nNcxBTSmeJbCAZTuVSXzpessdpb4tT9xIMQsv2ZdWrl8iw==}
    engines: {node: '>= 10'}
    cpu: [arm]
    os: [linux]

  '@napi-rs/keyring-linux-arm64-gnu@2.0.0':
    resolution: {integrity: sha512-BeUUPGSnW026yDGT4pKuNXDnwxw0xslwiSK6cuOIsDNLi3UO93rfF/7moqKznrBldgsZr8pl9LkMdRk8bnbjEA==}
    engines: {node: '>= 10'}
    cpu: [arm64]
    os: [linux]
    libc: [glibc]

  '@napi-rs/keyring-linux-arm64-musl@2.0.0':
    resolution: {integrity: sha512-zj7wZ23Vs7SL4odnGDbWnhZhiyrnEgBe4+8dzKHDi1mTBX1d00FYlGOubkjvx3AeK7mm6G2FyFDDFqIxyR82gA==}
    engines: {node: '>= 10'}
    cpu: [arm64]
    os: [linux]
    libc: [musl]

  '@napi-rs/keyring-linux-riscv64-gnu@2.0.0':
    resolution: {integrity: sha512-xk/1SOhuk2yQvXiN+pBhR4njSfquLm1SUKUIJcPIeYV1bHFXbUsYrXdfy4NtynSW0lhs41zWjLXSdE8TLeTt2g==}
    engines: {node: '>= 10'}
    cpu: [riscv64]
    os: [linux]
    libc: [glibc]

  '@napi-rs/keyring-linux-x64-gnu@2.0.0':
    resolution: {integrity: sha512-12Dq6t2TOrQTibcJcfV5bnHbTvMwEz6zSDqQLHMO2x388gGFQBAeEvw7Hmt+R1QavxspTa2ptgI7axomu9TH+w==}
    engines: {node: '>= 10'}
    cpu: [x64]
    os: [linux]
    libc: [glibc]

  '@napi-rs/keyring-linux-x64-musl@2.0.0':
    resolution: {integrity: sha512-7NJZvFUiL1FPCrSIQ1L4IUzN6l/2zoxT3IN6j3rHTuDdIEunJaycrUovDMvPlBNP1Vh3fSYz6Pp7tFjdt/1/oQ==}
    engines: {node: '>= 10'}
    cpu: [x64]
    os: [linux]
    libc: [musl]

  '@napi-rs/keyring-win32-arm64-msvc@2.0.0':
    resolution: {integrity: sha512-JTktZGXKow0HF/rhaZiQYB8DUS/iSX7S7FvJDoGxPT8mGavKE3w/vadtfKSBNDL4uGef3wu2Ll0XxSfDKBsm2Q==}
    engines: {node: '>= 10'}
    cpu: [arm64]
    os: [win32]

  '@napi-rs/keyring-win32-ia32-msvc@2.0.0':
    resolution: {integrity: sha512-AzvIFTqn1hJzCPu0foeYWn+kXruAIrVq3Z2IfJ24WPbIXUdD7+rcj49fqco7b14Z6C1aUfsSTyvrAgDfUWhKvA==}
    engines: {node: '>= 10'}
    cpu: [ia32]
    os: [win32]

  '@napi-rs/keyring-win32-x64-msvc@2.0.0':
    resolution: {integrity: sha512-POpEUTV6U+pb69cpuOgtLV4xhcyEWDWq+/9zdiZmNxTL1AenE0MllWrbepS+Hng4M7EarQ5TB3kX69ASqGwfIw==}
    engines: {node: '>= 10'}
    cpu: [x64]
    os: [win32]

  '@napi-rs/keyring@2.0.0':
    resolution: {integrity: sha512-TnrIt0nO9U2Ue9E9vJQjso1hqhIYiGrn2Ew1HBsMSqQe4+ceOqPJJwRVsV0/Wy7pqp04/doOLASyIFM3gGwZJw==}
    engines: {node: '>= 10'}

  '@remusao/guess-url-type@2.1.0':
    resolution: {integrity: sha512-zI3dlTUxpjvx2GCxp9nLOSK5yEIqDCpxlAVGwb2Y49RKkS72oeNaxxo+VWS5+XQ5+Mf8Zfp9ZXIlk+G5eoEN8A==}

  '@remusao/small@2.1.0':
    resolution: {integrity: sha512-Y1kyjZp7JU7dXdyOdxHVNfoTr1XLZJTyQP36/esZUU/WRWq9XY0PV2HsE3CsIHuaTf4pvgWv2pvzvnZ//UHIJQ==}

  '@remusao/smaz-compress@2.2.0':
    resolution: {integrity: sha512-TXpTPgILRUYOt2rEe0+9PC12xULPvBqeMpmipzB9A7oM4fa9Ztvy9lLYzPTd7tiQEeoNa1pmxihpKfJtsxnM/w==}

  '@remusao/smaz-decompress@2.2.0':
    resolution: {integrity: sha512-ERAPwxPaA0/yg4hkNU7T2S+lnp9jj1sApcQMtOyROvOQyo+Zuh6Hn/oRcXr8mmjlYzyRaC7E6r3mT1nrdHR6pg==}

  '@remusao/smaz@2.2.0':
    resolution: {integrity: sha512-eSd3Qs0ELP/e7tU1SI5RWXcCn9KjDgvBY+KtWbL4i2QvvHhJOfdIt4v0AA3S5BbLWAr5dCEC7C4LUfogDm6q/Q==}

  '@remusao/trie@2.1.0':
    resolution: {integrity: sha512-Er3Q8q0/2OcCJPQYJOPLmCuqO0wu7cav3SPtpjlxSbjFi1x+A1pZkkLD6c9q2rGEkGW/tkrRzfrhNMt8VQjzXg==}

  enolib@0.8.2:
    resolution: {integrity: sha512-kfeb9gAi+VkOHGzuSpb1wMNPPJ9CfbLabkzWGcPW37CDxtpPgIKeBAQsG0qJmY3zNTd4nu05ZYahqpPay1vrzw==}

  iso-3166-1-alpha-2@1.0.2:
    resolution: {integrity: sha512-B9xyzPQIpVKJnEvVfjzgWA/P6c6tL6LqqxrR14NJaw2RpGtCMcyFYcwcJw6h/PYMTq7hAZp63oIhxqcfO90TRA==}

  mout@1.2.4:
    resolution: {integrity: sha512-mZb9uOruMWgn/fw28DG4/yE3Kehfk1zKCLhuDU2O3vlKdnBBr4XaOCqVTflJ5aODavGUPqFHZgrFX3NJVuxGhQ==}

  playwright-core@1.63.0:
    resolution: {integrity: sha512-rYCsBF/M5HjUch52bbtVONEFjv6Xu8sm8h72dNlR5bzIE1fvC/bxgspzkjSfU+MweEMmPM8KJebG6nnyxo5mCg==}
    engines: {node: '>=20'}
    hasBin: true

  tldts-core@7.4.12:
    resolution: {integrity: sha512-nYNzS2WRf4QJmjzFFgAxLOBjyBxAGRbCy9PVBPaglcYyYajh40VBn+v5Ngr96ZMc7oM0+aCJdtQnNejvdBnXMQ==}

  tldts-experimental@7.4.12:
    resolution: {integrity: sha512-9ekSzO1PiwKHPS+WfA4EIXj49c8hFLi5TeEnW1xAlc6EufOX4Owp1rSC6HoSWq34z3cFLa7Ov2wUQm4fy+31xA==}

  tldts@7.4.12:
    resolution: {integrity: sha512-WylhSDKVeYnWXL3a+vKTaOxjnOeEGw938hImY8zoRWJjRRK/Jp1K+IihBzIONpUmW4e3WmXT6q5FW6vlESVZCA==}
    hasBin: true

snapshots:

  '@biomejs/biome@2.5.13':
    optionalDependencies:
      '@biomejs/cli-darwin-arm64': 2.5.13
      '@biomejs/cli-darwin-x64': 2.5.13
      '@biomejs/cli-linux-arm64': 2.5.13
      '@biomejs/cli-linux-arm64-musl': 2.5.13
      '@biomejs/cli-linux-x64': 2.5.13
      '@biomejs/cli-linux-x64-musl': 2.5.13
      '@biomejs/cli-win32-arm64': 2.5.13
      '@biomejs/cli-win32-x64': 2.5.13

  '@biomejs/cli-darwin-arm64@2.5.13':
    optional: true

  '@biomejs/cli-darwin-x64@2.5.13':
    optional: true

  '@biomejs/cli-linux-arm64-musl@2.5.13':
    optional: true

  '@biomejs/cli-linux-arm64@2.5.13':
    optional: true

  '@biomejs/cli-linux-x64-musl@2.5.13':
    optional: true

  '@biomejs/cli-linux-x64@2.5.13':
    optional: true

  '@biomejs/cli-win32-arm64@2.5.13':
    optional: true

  '@biomejs/cli-win32-x64@2.5.13':
    optional: true

  '@ghostery/adblocker-content@2.18.2':
    dependencies:
      '@ghostery/adblocker-extended-selectors': 2.18.2

  '@ghostery/adblocker-extended-selectors@2.18.2': {}

  '@ghostery/adblocker@2.17.3':
    dependencies:
      '@ghostery/adblocker-content': 2.18.2
      '@ghostery/adblocker-extended-selectors': 2.18.2
      '@ghostery/url-parser': 1.3.1
      '@remusao/guess-url-type': 2.1.0
      '@remusao/small': 2.1.0
      '@remusao/smaz': 2.2.0
      tldts-experimental: 7.4.12

  '@ghostery/adblocker@2.18.2':
    dependencies:
      '@ghostery/adblocker-content': 2.18.2
      '@ghostery/adblocker-extended-selectors': 2.18.2
      '@ghostery/url-parser': 1.3.1
      '@remusao/guess-url-type': 2.1.0
      '@remusao/small': 2.1.0
      '@remusao/smaz': 2.2.0
      tldts-experimental: 7.4.12

  '@ghostery/trackerdb@1.0.945':
    dependencies:
      '@ghostery/adblocker': 2.17.3
      enolib: 0.8.2
      iso-3166-1-alpha-2: 1.0.2
      tldts-experimental: 7.4.12

  '@ghostery/url-parser@1.3.1':
    dependencies:
      tldts-experimental: 7.4.12

  '@napi-rs/keyring-darwin-arm64@2.0.0':
    optional: true

  '@napi-rs/keyring-darwin-x64@2.0.0':
    optional: true

  '@napi-rs/keyring-freebsd-x64@2.0.0':
    optional: true

  '@napi-rs/keyring-linux-arm-gnueabihf@2.0.0':
    optional: true

  '@napi-rs/keyring-linux-arm64-gnu@2.0.0':
    optional: true

  '@napi-rs/keyring-linux-arm64-musl@2.0.0':
    optional: true

  '@napi-rs/keyring-linux-riscv64-gnu@2.0.0':
    optional: true

  '@napi-rs/keyring-linux-x64-gnu@2.0.0':
    optional: true

  '@napi-rs/keyring-linux-x64-musl@2.0.0':
    optional: true

  '@napi-rs/keyring-win32-arm64-msvc@2.0.0':
    optional: true

  '@napi-rs/keyring-win32-ia32-msvc@2.0.0':
    optional: true

  '@napi-rs/keyring-win32-x64-msvc@2.0.0':
    optional: true

  '@napi-rs/keyring@2.0.0':
    optionalDependencies:
      '@napi-rs/keyring-darwin-arm64': 2.0.0
      '@napi-rs/keyring-darwin-x64': 2.0.0
      '@napi-rs/keyring-freebsd-x64': 2.0.0
      '@napi-rs/keyring-linux-arm-gnueabihf': 2.0.0
      '@napi-rs/keyring-linux-arm64-gnu': 2.0.0
      '@napi-rs/keyring-linux-arm64-musl': 2.0.0
      '@napi-rs/keyring-linux-riscv64-gnu': 2.0.0
      '@napi-rs/keyring-linux-x64-gnu': 2.0.0
      '@napi-rs/keyring-linux-x64-musl': 2.0.0
      '@napi-rs/keyring-win32-arm64-msvc': 2.0.0
      '@napi-rs/keyring-win32-ia32-msvc': 2.0.0
      '@napi-rs/keyring-win32-x64-msvc': 2.0.0

  '@remusao/guess-url-type@2.1.0': {}

  '@remusao/small@2.1.0': {}

  '@remusao/smaz-compress@2.2.0':
    dependencies:
      '@remusao/trie': 2.1.0

  '@remusao/smaz-decompress@2.2.0': {}

  '@remusao/smaz@2.2.0':
    dependencies:
      '@remusao/smaz-compress': 2.2.0
      '@remusao/smaz-decompress': 2.2.0

  '@remusao/trie@2.1.0': {}

  enolib@0.8.2: {}

  iso-3166-1-alpha-2@1.0.2:
    dependencies:
      mout: 1.2.4

  mout@1.2.4: {}

  playwright-core@1.63.0: {}

  tldts-core@7.4.12: {}

  tldts-experimental@7.4.12:
    dependencies:
      tldts-core: 7.4.12

  tldts@7.4.12:
    dependencies:
      tldts-core: 7.4.12
